
Microsoft Visual Studio Solution File, Format Version 12.00
# Visual Studio 2013
VisualStudioVersion = 12.0.30723.0
MinimumVisualStudioVersion = 10.0.40219.1
Project("{FAE04EC0-301F-11D3-BF4B-00C04F79EFBC}") = "UnityConsoleApp", "UnityConsoleApp\UnityConsoleApp.csproj", "{67FACC45-24A5-4C24-8476-14063B9AE35B}"
EndProject
Project("{2150E333-8FDC-42A3-9474-1A3956D46DE8}") = "IoC", "IoC", "{22929717-0FCE-412C-845A-CBFB4C54B23E}"
EndProject
Project("{2150E333-8FDC-42A3-9474-1A3956D46DE8}") = "Log4Net", "Log4Net", "{DC7D200E-953E-4F6A-87F7-3429BF2D649B}"
EndProject
Project("{2150E333-8FDC-42A3-9474-1A3956D46DE8}") = "AngularJs", "AngularJs", "{47C1EE37-EF84-4DBD-8917-E3F66DE7AFD9}"
EndProject
Project("{FAE04EC0-301F-11D3-BF4B-00C04F79EFBC}") = "AngularWebPage", "AngularWebPage\AngularWebPage.csproj", "{A26FF97C-9B24-41AA-8456-E8D5F0E0068C}"
EndProject
Project("{2150E333-8FDC-42A3-9474-1A3956D46DE8}") = "Web API 2.2", "Web API 2.2", "{21A699BF-7936-45EA-9C05-6A4593DCA664}"
EndProject
Project("{2150E333-8FDC-42A3-9474-1A3956D46DE8}") = "OAuth2", "OAuth2", "{D9F89D7A-464A-409A-851C-F1BD49BC6738}"
EndProject
Project("{FAE04EC0-301F-11D3-BF4B-00C04F79EFBC}") = "LocalAccounts", "LocalAccounts\LocalAccounts.csproj", "{BF1C6A8E-D5BA-4C9E-B081-0CA42298FFE8}"
EndProject
Project("{2150E333-8FDC-42A3-9474-1A3956D46DE8}") = "SignalR", "SignalR", "{7A205ABA-F4B2-4E02-ACCE-F95B0B5F9A4E}"
EndProject
Project("{FAE04EC0-301F-11D3-BF4B-00C04F79EFBC}") = "SignalRChat", "SignalRChat\SignalRChat.csproj", "{8FE9912B-E2CF-4BDF-89A6-55069297AF92}"
EndProject
Project("{2150E333-8FDC-42A3-9474-1A3956D46DE8}") = "MVC5", "MVC5", "{54C32C8B-2AE6-4DA2-9AE3-D4F453E89E34}"
EndProject
Project("{2150E333-8FDC-42A3-9474-1A3956D46DE8}") = "Auth", "Auth", "{95157D0B-B12A-4DDC-A730-F24F66A7ED13}"
EndProject
Project("{FAE04EC0-301F-11D3-BF4B-00C04F79EFBC}") = "MvcAuth", "MvcAuth\MvcAuth.csproj", "{7F9BA676-E033-4118-80C2-61CD2A77A404}"
EndProject
Project("{2150E333-8FDC-42A3-9474-1A3956D46DE8}") = "Console", "Console", "{34358648-CDEC-4246-8871-C5F74670E60A}"
EndProject
Project("{FAE04EC0-301F-11D3-BF4B-00C04F79EFBC}") = "Console", "Console\Console.csproj", "{BE0C380A-95F4-4930-86E0-AD7380A66ECF}"
EndProject
Global
	GlobalSection(SolutionConfigurationPlatforms) = preSolution
		Debug|Any CPU = Debug|Any CPU
		Release|Any CPU = Release|Any CPU
	EndGlobalSection
	GlobalSection(ProjectConfigurationPlatforms) = postSolution
		{67FACC45-24A5-4C24-8476-14063B9AE35B}.Debug|Any CPU.ActiveCfg = Debug|Any CPU
		{67FACC45-24A5-4C24-8476-14063B9AE35B}.Debug|Any CPU.Build.0 = Debug|Any CPU
		{67FACC45-24A5-4C24-8476-14063B9AE35B}.Release|Any CPU.ActiveCfg = Release|Any CPU
		{67FACC45-24A5-4C24-8476-14063B9AE35B}.Release|Any CPU.Build.0 = Release|Any CPU
		{A26FF97C-9B24-41AA-8456-E8D5F0E0068C}.Debug|Any CPU.ActiveCfg = Debug|Any CPU
		{A26FF97C-9B24-41AA-8456-E8D5F0E0068C}.Debug|Any CPU.Build.0 = Debug|Any CPU
		{A26FF97C-9B24-41AA-8456-E8D5F0E0068C}.Release|Any CPU.ActiveCfg = Release|Any CPU
		{A26FF97C-9B24-41AA-8456-E8D5F0E0068C}.Release|Any CPU.Build.0 = Release|Any CPU
		{BF1C6A8E-D5BA-4C9E-B081-0CA42298FFE8}.Debug|Any CPU.ActiveCfg = Debug|Any CPU
		{BF1C6A8E-D5BA-4C9E-B081-0CA42298FFE8}.Debug|Any CPU.Build.0 = Debug|Any CPU
		{BF1C6A8E-D5BA-4C9E-B081-0CA42298FFE8}.Release|Any CPU.ActiveCfg = Release|Any CPU
		{BF1C6A8E-D5BA-4C9E-B081-0CA42298FFE8}.Release|Any CPU.Build.0 = Release|Any CPU
		{8FE9912B-E2CF-4BDF-89A6-55069297AF92}.Debug|Any CPU.ActiveCfg = Debug|Any CPU
		{8FE9912B-E2CF-4BDF-89A6-55069297AF92}.Debug|Any CPU.Build.0 = Debug|Any CPU
		{8FE9912B-E2CF-4BDF-89A6-55069297AF92}.Release|Any CPU.ActiveCfg = Release|Any CPU
		{8FE9912B-E2CF-4BDF-89A6-55069297AF92}.Release|Any CPU.Build.0 = Release|Any CPU
		{7F9BA676-E033-4118-80C2-61CD2A77A404}.Debug|Any CPU.ActiveCfg = Debug|Any CPU
		{7F9BA676-E033-4118-80C2-61CD2A77A404}.Debug|Any CPU.Build.0 = Debug|Any CPU
		{7F9BA676-E033-4118-80C2-61CD2A77A404}.Release|Any CPU.ActiveCfg = Release|Any CPU
		{7F9BA676-E033-4118-80C2-61CD2A77A404}.Release|Any CPU.Build.0 = Release|Any CPU
		{BE0C380A-95F4-4930-86E0-AD7380A66ECF}.Debug|Any CPU.ActiveCfg = Debug|Any CPU
		{BE0C380A-95F4-4930-86E0-AD7380A66ECF}.Debug|Any CPU.Build.0 = Debug|Any CPU
		{BE0C380A-95F4-4930-86E0-AD7380A66ECF}.Release|Any CPU.ActiveCfg = Release|Any CPU
		{BE0C380A-95F4-4930-86E0-AD7380A66ECF}.Release|Any CPU.Build.0 = Release|Any CPU
	EndGlobalSection
	GlobalSection(SolutionProperties) = preSolution
		HideSolutionNode = FALSE
	EndGlobalSection
	GlobalSection(NestedProjects) = preSolution
		{67FACC45-24A5-4C24-8476-14063B9AE35B} = {22929717-0FCE-412C-845A-CBFB4C54B23E}
		{A26FF97C-9B24-41AA-8456-E8D5F0E0068C} = {47C1EE37-EF84-4DBD-8917-E3F66DE7AFD9}
		{D9F89D7A-464A-409A-851C-F1BD49BC6738} = {21A699BF-7936-45EA-9C05-6A4593DCA664}
		{BF1C6A8E-D5BA-4C9E-B081-0CA42298FFE8} = {D9F89D7A-464A-409A-851C-F1BD49BC6738}
		{8FE9912B-E2CF-4BDF-89A6-55069297AF92} = {7A205ABA-F4B2-4E02-ACCE-F95B0B5F9A4E}
		{95157D0B-B12A-4DDC-A730-F24F66A7ED13} = {54C32C8B-2AE6-4DA2-9AE3-D4F453E89E34}
		{7F9BA676-E033-4118-80C2-61CD2A77A404} = {95157D0B-B12A-4DDC-A730-F24F66A7ED13}
		{BE0C380A-95F4-4930-86E0-AD7380A66ECF} = {34358648-CDEC-4246-8871-C5F74670E60A}
	EndGlobalSection
EndGlobal
